
Microsoft Visual Studio Solution File, Format Version 12.00
# Visual Studio Version 16
VisualStudioVersion = 16.0.29728.190
MinimumVisualStudioVersion = 10.0.40219.1
Project("{FAE04EC0-301F-11D3-BF4B-00C04F79EFBC}") = "Ecommerce", "Ecommerce\Ecommerce.csproj", "{2BC4EBA8-0874-4254-AD38-3F2DC3846E55}"
EndProject
Global
	GlobalSection(SolutionConfigurationPlatforms) = preSolution
		Debug|Any CPU = Debug|Any CPU
		Release|Any CPU = Release|Any CPU
	EndGlobalSection
	GlobalSection(ProjectConfigurationPlatforms) = postSolution
		{2BC4EBA8-0874-4254-AD38-3F2DC3846E55}.Debug|Any CPU.ActiveCfg = Debug|Any CPU
		{2BC4EBA8-0874-4254-AD38-3F2DC3846E55}.Debug|Any CPU.Build.0 = Debug|Any CPU
		{2BC4EBA8-0874-4254-AD38-3F2DC3846E55}.Release|Any CPU.ActiveCfg = Release|Any CPU
		{2BC4EBA8-0874-4254-AD38-3F2DC3846E55}.Release|Any CPU.Build.0 = Release|Any CPU
	EndGlobalSection
	GlobalSection(SolutionProperties) = preSolution
		HideSolutionNode = FALSE
	EndGlobalSection
	GlobalSection(ExtensibilityGlobals) = postSolution
		SolutionGuid = {C5F27F04-0CD1-4741-ACA6-E7C3D9B04738}
	EndGlobalSection
EndGlobal
